{
    "_readme": [
        "This file locks the dependencies of your project to a known state",
        "Read more about it at https://getcomposer.org/doc/01-basic-usage.md#composer-lock-the-lock-file",
        "This file is @generated automatically"
    ],
    "hash": "d156e39f5af6aa95345d322d83eba72e",
    "content-hash": "5abbcce002cbc66b3017a06ff26cc173",
    "packages": [
        {
            "name": "jcupitt/vips",
            "version": "v1.0.4",
            "source": {
                "type": "git",
                "url": "https://github.com/libvips/php-vips.git",
                "reference": "d6cd69307b086f43bc099471a4653cbf5ecc40d2"
            },
            "dist": {
                "type": "zip",
                "url": "https://api.github.com/repos/libvips/php-vips/zipball/d6cd69307b086f43bc099471a4653cbf5ecc40d2",
                "reference": "d6cd69307b086f43bc099471a4653cbf5ecc40d2",
                "shasum": ""
            },
            "require": {
                "ext-vips": ">=0.1.2",
                "php": ">=7.0.11",
                "psr/log": "^1.0.2"
            },
            "require-dev": {
                "jakub-onderka/php-parallel-lint": "^1.0.0",
                "jms/serializer": ">=0.12 < 1.8.0",
                "phpdocumentor/phpdocumentor": "^2.9",
                "phpunit/phpunit": "^6.5",
                "squizlabs/php_codesniffer": "3.*"
            },
            "type": "library",
            "extra": {
                "branch-alias": {
                    "dev-master": "1.0.x-dev"
                }
            },
            "autoload": {
                "psr-4": {
                    "Jcupitt\\Vips\\": "src"
                }
            },
            "notification-url": "https://packagist.org/downloads/",
            "license": [
                "MIT"
            ],
            "authors": [
                {
                    "name": "John Cupitt",
                    "email": "jcupitt@gmail.com",
                    "homepage": "https://github.com/jcupitt",
                    "role": "Developer"
                }
            ],
            "description": "A high-level interface to the libvips image processing library.",
            "homepage": "https://github.com/libvips/php-vips",
            "keywords": [
                "image",
                "libvips",
                "processing"
            ],
            "time": "2018-12-22 12:44:40"
        },
        {
            "name": "psr/log",
            "version": "1.1.0",
            "source": {
                "type": "git",
                "url": "https://github.com/php-fig/log.git",
                "reference": "6c001f1daafa3a3ac1d8ff69ee4db8e799a654dd"
            },
            "dist": {
                "type": "zip",
                "url": "https://api.github.com/repos/php-fig/log/zipball/6c001f1daafa3a3ac1d8ff69ee4db8e799a654dd",
                "reference": "6c001f1daafa3a3ac1d8ff69ee4db8e799a654dd",
                "shasum": ""
            },
            "require": {
                "php": ">=5.3.0"
            },
            "type": "library",
            "extra": {
                "branch-alias": {
                    "dev-master": "1.0.x-dev"
                }
            },
            "autoload": {
                "psr-4": {
                    "Psr\\Log\\": "Psr/Log/"
                }
            },
            "notification-url": "https://packagist.org/downloads/",
            "license": [
                "MIT"
            ],
            "authors": [
                {
                    "name": "PHP-FIG",
                    "homepage": "http://www.php-fig.org/"
                }
            ],
            "description": "Common interface for logging libraries",
            "homepage": "https://github.com/php-fig/log",
            "keywords": [
                "log",
                "psr",
                "psr-3"
            ],
            "time": "2018-11-20 15:27:04"
        }
    ],
    "packages-dev": [],
    "aliases": [],
    "minimum-stability": "stable",
    "stability-flags": [],
    "prefer-stable": false,
    "prefer-lowest": false,
    "platform": [],
    "platform-dev": []
}
