{
    "_readme": [
        "This file locks the dependencies of your project to a known state",
        "Read more about it at https://getcomposer.org/doc/01-basic-usage.md#installing-dependencies",
        "This file is @generated automatically"
    ],
    "content-hash": "87ab225c07f291cf4efde2e8c2c03fce",
    "packages": [
        {
            "name": "jcupitt/vips",
            "version": "dev-master",
            "source": {
                "type": "git",
                "url": "https://github.com/libvips/php-vips.git",
                "reference": "a2c7609089d3f0a83def80ea59d2934c6f83ceb4"
            },
            "dist": {
                "type": "zip",
                "url": "https://api.github.com/repos/libvips/php-vips/zipball/a2c7609089d3f0a83def80ea59d2934c6f83ceb4",
                "reference": "a2c7609089d3f0a83def80ea59d2934c6f83ceb4",
                "shasum": ""
            },
            "require": {
                "ext-ffi": "*",
                "php": ">=7.4",
                "psr/log": "^1.1.3|^2.0|^3.0"
            },
            "require-dev": {
                "php-parallel-lint/php-parallel-lint": "^1.3",
                "phpdocumentor/shim": "^3.3",
                "phpunit/phpunit": "^9.5",
                "squizlabs/php_codesniffer": "^3.7"
            },
            "default-branch": true,
            "type": "library",
            "extra": {
                "branch-alias": {
                    "dev-master": "2.0.x-dev"
                }
            },
            "autoload": {
                "psr-4": {
                    "Jcupitt\\Vips\\": "src"
                }
            },
            "notification-url": "https://packagist.org/downloads/",
            "license": [
                "MIT"
            ],
            "authors": [
                {
                    "name": "John Cupitt",
                    "email": "jcupitt@gmail.com",
                    "homepage": "https://github.com/jcupitt",
                    "role": "Developer"
                }
            ],
            "description": "A high-level interface to the libvips image processing library.",
            "homepage": "https://github.com/libvips/php-vips",
            "keywords": [
                "image",
                "libvips",
                "processing"
            ],
            "support": {
                "issues": "https://github.com/libvips/php-vips/issues",
                "source": "https://github.com/libvips/php-vips/tree/master"
            },
            "time": "2024-02-14T13:05:45+00:00"
        },
        {
            "name": "psr/log",
            "version": "dev-master",
            "source": {
                "type": "git",
                "url": "https://github.com/php-fig/log.git",
                "reference": "fe5ea303b0887d5caefd3d431c3e61ad47037001"
            },
            "dist": {
                "type": "zip",
                "url": "https://api.github.com/repos/php-fig/log/zipball/fe5ea303b0887d5caefd3d431c3e61ad47037001",
                "reference": "fe5ea303b0887d5caefd3d431c3e61ad47037001",
                "shasum": ""
            },
            "require": {
                "php": ">=8.0.0"
            },
            "default-branch": true,
            "type": "library",
            "extra": {
                "branch-alias": {
                    "dev-master": "3.x-dev"
                }
            },
            "autoload": {
                "psr-4": {
                    "Psr\\Log\\": "src"
                }
            },
            "notification-url": "https://packagist.org/downloads/",
            "license": [
                "MIT"
            ],
            "authors": [
                {
                    "name": "PHP-FIG",
                    "homepage": "https://www.php-fig.org/"
                }
            ],
            "description": "Common interface for logging libraries",
            "homepage": "https://github.com/php-fig/log",
            "keywords": [
                "log",
                "psr",
                "psr-3"
            ],
            "support": {
                "source": "https://github.com/php-fig/log/tree/3.0.0"
            },
            "time": "2021-07-14T16:46:02+00:00"
        }
    ],
    "packages-dev": [],
    "aliases": [],
    "minimum-stability": "dev",
    "stability-flags": {
        "jcupitt/vips": 20
    },
    "prefer-stable": false,
    "prefer-lowest": false,
    "platform": [],
    "platform-dev": [],
    "plugin-api-version": "2.2.0"
}
